# THIS IS AN AUTOGENERATED FILE. DO NOT EDIT THIS FILE DIRECTLY.
# yarn lockfile v1


"@type-config/strict@^1.0.2":
  version "1.0.2"
  resolved "https://registry.yarnpkg.com/@type-config/strict/-/strict-1.0.2.tgz#0377c73f1fb61e9194126ca1f239537de247e5a9"
  integrity sha512-tqFdxmw5o0jC+SHrZmjdjxgJqMvORR4+f51gnB+Ic6kIqKECUVNSm7HTBqe/mHg4XLFDkQfaVEZa+7a86v15Lw==

"@types/uuid@^7.0.3":
  version "7.0.3"
  resolved "https://registry.yarnpkg.com/@types/uuid/-/uuid-7.0.3.tgz#45cd03e98e758f8581c79c535afbd4fc27ba7ac8"
  integrity sha512-PUdqTZVrNYTNcIhLHkiaYzoOIaUi5LFg/XLerAdgvwQrUCx+oSbtoBze1AMyvYbcwzUSNC+Isl58SM4Sm/6COw==

typescript@^3.8.3:
  version "3.8.3"
  resolved "https://registry.yarnpkg.com/typescript/-/typescript-3.8.3.tgz#409eb8544ea0335711205869ec458ab109ee1061"
  integrity sha512-MYlEfn5VrLNsgudQTVJeNaQFUAI7DkhnOjdpAp4T+ku1TfQClewlbSuTVHiA+8skNBgaf02TL/kLOvig4y3G8w==

uuid@^8.0.0:
  version "8.0.0"
  resolved "https://registry.yarnpkg.com/uuid/-/uuid-8.0.0.tgz#bc6ccf91b5ff0ac07bbcdbf1c7c4e150db4dbb6c"
  integrity sha512-jOXGuXZAWdsTH7eZLtyXMqUb9EcWMGZNbL9YcGBJl4MH4nrxHmZJhEHvyLFrkxo+28uLb/NYRcStH48fnD0Vzw==
